
Microsoft Visual Studio Solution File, Format Version 12.00
# Visual Studio Version 16
VisualStudioVersion = 16.0.32106.194
MinimumVisualStudioVersion = 10.0.40219.1
Project("{FAE04EC0-301F-11D3-BF4B-00C04F79EFBC}") = "OAuthV2API", "OAuthV2API.csproj", "{A243D724-5B58-4AE1-82B9-DEDC8F31ADAA}"
EndProject
Global
	GlobalSection(SolutionConfigurationPlatforms) = preSolution
		Debug|Any CPU = Debug|Any CPU
		Release|Any CPU = Release|Any CPU
	EndGlobalSection
	GlobalSection(ProjectConfigurationPlatforms) = postSolution
		{A243D724-5B58-4AE1-82B9-DEDC8F31ADAA}.Debug|Any CPU.ActiveCfg = Debug|Any CPU
		{A243D724-5B58-4AE1-82B9-DEDC8F31ADAA}.Debug|Any CPU.Build.0 = Debug|Any CPU
		{A243D724-5B58-4AE1-82B9-DEDC8F31ADAA}.Release|Any CPU.ActiveCfg = Release|Any CPU
		{A243D724-5B58-4AE1-82B9-DEDC8F31ADAA}.Release|Any CPU.Build.0 = Release|Any CPU
	EndGlobalSection
	GlobalSection(SolutionProperties) = preSolution
		HideSolutionNode = FALSE
	EndGlobalSection
	GlobalSection(ExtensibilityGlobals) = postSolution
		SolutionGuid = {845D966A-54BC-439D-B481-D83BF744E7F1}
	EndGlobalSection
EndGlobal
